{
  "meteor": {},
  "dependencies": {
    "basePackages": {
      "iron-router": {},
      "bootstrap-3": {},
      "accounts-ui-bootstrap-3": {},
      "handlebars-server": {},
      "timeago": {},
      "moment": {}
    },
    "packages": {
      "iron-router": {
        "git": "https://github.com/EventedMind/iron-router.git",
        "tag": "v0.6.2",
        "commit": "ce56e58b45624dce992490f3a1c10f10d3948bae"
      },
      "bootstrap-3": {
        "git": "https://github.com/mangasocial/meteor-bootstrap-3.git",
        "tag": "v0.3.7",
        "commit": "5dd0d142c870647b910be80bc777b96f0dd45e5e"
      },
      "accounts-ui-bootstrap-3": {
        "git": "https://github.com/mangasocial/meteor-accounts-ui-bootstrap-3.git",
        "tag": "v0.2.4",
        "commit": "cdbd20eb065310c0cc302bbd5f22e5b2121c769a"
      },
      "handlebars-server": {
        "git": "https://github.com/EventedMind/meteor-handlebars-server.git",
        "tag": "v1.1.0",
        "commit": "ed99c8e9280894519f44a5b4c84f66ff596c5450"
      },
      "timeago": {
        "git": "https://github.com/BeDifferential/timeago.git",
        "tag": "v0.0.3",
        "commit": "39135ea44ba69503d6b1e1e17431a57cb315cb21"
      },
      "moment": {
        "git": "https://github.com/acreeger/meteor-moment.git",
        "tag": "v2.5.1",
        "commit": "8c9bc5d3fc96705057737cb9743d555417f6e551"
      }
    }
  }
}
